
Microsoft Visual Studio Solution File, Format Version 12.00
# Visual Studio Version 17
VisualStudioVersion = 17.1.32421.90
MinimumVisualStudioVersion = 10.0.40219.1
Project("{FAE04EC0-301F-11D3-BF4B-00C04F79EFBC}") = "OrderTestWPF", "OrderTestWPF\OrderTestWPF.csproj", "{F7823C86-47FB-4DB8-9837-6B5D1957D115}"
EndProject
Global
	GlobalSection(SolutionConfigurationPlatforms) = preSolution
		Debug|Any CPU = Debug|Any CPU
		Release|Any CPU = Release|Any CPU
	EndGlobalSection
	GlobalSection(ProjectConfigurationPlatforms) = postSolution
		{F7823C86-47FB-4DB8-9837-6B5D1957D115}.Debug|Any CPU.ActiveCfg = Debug|Any CPU
		{F7823C86-47FB-4DB8-9837-6B5D1957D115}.Debug|Any CPU.Build.0 = Debug|Any CPU
		{F7823C86-47FB-4DB8-9837-6B5D1957D115}.Release|Any CPU.ActiveCfg = Release|Any CPU
		{F7823C86-47FB-4DB8-9837-6B5D1957D115}.Release|Any CPU.Build.0 = Release|Any CPU
	EndGlobalSection
	GlobalSection(SolutionProperties) = preSolution
		HideSolutionNode = FALSE
	EndGlobalSection
	GlobalSection(ExtensibilityGlobals) = postSolution
		SolutionGuid = {C213929B-AEE6-4928-A6B6-719BC29D6A27}
	EndGlobalSection
EndGlobal
